
Microsoft Visual Studio Solution File, Format Version 12.00
# Visual Studio Version 17
VisualStudioVersion = 17.9.34714.143
MinimumVisualStudioVersion = 10.0.40219.1
Project("{FAE04EC0-301F-11D3-BF4B-00C04F79EFBC}") = "FrenzyEditor", "FrenzyEditor\FrenzyEditor.csproj", "{776FAD59-7A30-4F6E-BA07-31A75A3BA01F}"
EndProject
Project("{8BC9CEB8-8B4A-11D0-8D11-00A0C91BC942}") = "Engine", "Engine\Engine.vcxproj", "{E2BFB189-3107-456D-99B4-A7CD7AA2C8AC}"
EndProject
Global
	GlobalSection(SolutionConfigurationPlatforms) = preSolution
		Debug|x64 = Debug|x64
		Release|x64 = Release|x64
	EndGlobalSection
	GlobalSection(ProjectConfigurationPlatforms) = postSolution
		{E2BFB189-3107-456D-99B4-A7CD7AA2C8AC}.Debug|x64.ActiveCfg = Debug|x64
		{E2BFB189-3107-456D-99B4-A7CD7AA2C8AC}.Debug|x64.Build.0 = Debug|x64
		{E2BFB189-3107-456D-99B4-A7CD7AA2C8AC}.Release|x64.ActiveCfg = Release|x64
		{E2BFB189-3107-456D-99B4-A7CD7AA2C8AC}.Release|x64.Build.0 = Release|x64
		{776FAD59-7A30-4F6E-BA07-31A75A3BA01F}.Debug|x64.ActiveCfg = Debug|Any CPU
		{776FAD59-7A30-4F6E-BA07-31A75A3BA01F}.Debug|x64.Build.0 = Debug|Any CPU
		{776FAD59-7A30-4F6E-BA07-31A75A3BA01F}.Release|x64.ActiveCfg = Release|Any CPU
		{776FAD59-7A30-4F6E-BA07-31A75A3BA01F}.Release|x64.Build.0 = Release|Any CPU
	EndGlobalSection
	GlobalSection(SolutionProperties) = preSolution
		HideSolutionNode = FALSE
	EndGlobalSection
	GlobalSection(ExtensibilityGlobals) = postSolution
		SolutionGuid = {FCE1F45C-C91A-4390-9304-B4A326C66EC9}
	EndGlobalSection
EndGlobal
